Microsoft Visual Studio Solution File, Format Version 12.00
# Visual Studio Version 17
VisualStudioVersion = 17.5.2.0
MinimumVisualStudioVersion = 10.0.40219.1
Project("{FAE04EC0-301F-11D3-BF4B-00C04F79EFBC}") = "OLXPUCAPI", "OLXPUCAPI\OLXPUCAPI.csproj", "{D8312138-D084-457C-1117-FF79078FE240}"
EndProject
Global
	GlobalSection(SolutionConfigurationPlatforms) = preSolution
		Debug|Any CPU = Debug|Any CPU
		Release|Any CPU = Release|Any CPU
	EndGlobalSection
	GlobalSection(ProjectConfigurationPlatforms) = postSolution
		{D8312138-D084-457C-1117-FF79078FE240}.Debug|Any CPU.ActiveCfg = Debug|Any CPU
		{D8312138-D084-457C-1117-FF79078FE240}.Debug|Any CPU.Build.0 = Debug|Any CPU
		{D8312138-D084-457C-1117-FF79078FE240}.Release|Any CPU.ActiveCfg = Release|Any CPU
		{D8312138-D084-457C-1117-FF79078FE240}.Release|Any CPU.Build.0 = Release|Any CPU
	EndGlobalSection
	GlobalSection(SolutionProperties) = preSolution
		HideSolutionNode = FALSE
	EndGlobalSection
	GlobalSection(ExtensibilityGlobals) = postSolution
		SolutionGuid = {4E359BE2-B68E-4D30-8B02-662AE8AA8F7D}
	EndGlobalSection
EndGlobal
